
Microsoft Visual Studio Solution File, Format Version 12.00
# Visual Studio Version 17
VisualStudioVersion = 17.3.32901.215
MinimumVisualStudioVersion = 10.0.40219.1
Project("{FAE04EC0-301F-11D3-BF4B-00C04F79EFBC}") = "CriandoVariaveis", "CriandoVariaveis\CriandoVariaveis.csproj", "{BE16EBB4-91D2-47F7-B925-04608683C606}"
EndProject
Project("{FAE04EC0-301F-11D3-BF4B-00C04F79EFBC}") = "Condicionais", "Condicionais\Condicionais.csproj", "{DEA87DB4-E678-4C53-8AC2-4811D592E55C}"
EndProject
Project("{FAE04EC0-301F-11D3-BF4B-00C04F79EFBC}") = "ColectionsArrays", "ColectionsArrays\ColectionsArrays.csproj", "{184F22DD-0205-4873-97CA-D8C11D5A134A}"
EndProject
Project("{FAE04EC0-301F-11D3-BF4B-00C04F79EFBC}") = "CollectionsLists", "CollectionsLists\CollectionsLists.csproj", "{FF2FEC66-CB58-4449-A195-296DF677738E}"
EndProject
Global
	GlobalSection(SolutionConfigurationPlatforms) = preSolution
		Debug|Any CPU = Debug|Any CPU
		Release|Any CPU = Release|Any CPU
	EndGlobalSection
	GlobalSection(ProjectConfigurationPlatforms) = postSolution
		{BE16EBB4-91D2-47F7-B925-04608683C606}.Debug|Any CPU.ActiveCfg = Debug|Any CPU
		{BE16EBB4-91D2-47F7-B925-04608683C606}.Debug|Any CPU.Build.0 = Debug|Any CPU
		{BE16EBB4-91D2-47F7-B925-04608683C606}.Release|Any CPU.ActiveCfg = Release|Any CPU
		{BE16EBB4-91D2-47F7-B925-04608683C606}.Release|Any CPU.Build.0 = Release|Any CPU
		{DEA87DB4-E678-4C53-8AC2-4811D592E55C}.Debug|Any CPU.ActiveCfg = Debug|Any CPU
		{DEA87DB4-E678-4C53-8AC2-4811D592E55C}.Debug|Any CPU.Build.0 = Debug|Any CPU
		{DEA87DB4-E678-4C53-8AC2-4811D592E55C}.Release|Any CPU.ActiveCfg = Release|Any CPU
		{DEA87DB4-E678-4C53-8AC2-4811D592E55C}.Release|Any CPU.Build.0 = Release|Any CPU
		{184F22DD-0205-4873-97CA-D8C11D5A134A}.Debug|Any CPU.ActiveCfg = Debug|Any CPU
		{184F22DD-0205-4873-97CA-D8C11D5A134A}.Debug|Any CPU.Build.0 = Debug|Any CPU
		{184F22DD-0205-4873-97CA-D8C11D5A134A}.Release|Any CPU.ActiveCfg = Release|Any CPU
		{184F22DD-0205-4873-97CA-D8C11D5A134A}.Release|Any CPU.Build.0 = Release|Any CPU
		{FF2FEC66-CB58-4449-A195-296DF677738E}.Debug|Any CPU.ActiveCfg = Debug|Any CPU
		{FF2FEC66-CB58-4449-A195-296DF677738E}.Debug|Any CPU.Build.0 = Debug|Any CPU
		{FF2FEC66-CB58-4449-A195-296DF677738E}.Release|Any CPU.ActiveCfg = Release|Any CPU
		{FF2FEC66-CB58-4449-A195-296DF677738E}.Release|Any CPU.Build.0 = Release|Any CPU
	EndGlobalSection
	GlobalSection(SolutionProperties) = preSolution
		HideSolutionNode = FALSE
	EndGlobalSection
	GlobalSection(ExtensibilityGlobals) = postSolution
		SolutionGuid = {312E5480-4438-42C0-9B61-5EB01BCBD078}
	EndGlobalSection
EndGlobal
